
Microsoft Visual Studio Solution File, Format Version 12.00
# Visual Studio Version 17
VisualStudioVersion = 17.0.31919.166
MinimumVisualStudioVersion = 10.0.40219.1
Project("{FAE04EC0-301F-11D3-BF4B-00C04F79EFBC}") = "UC12_agendamento", "UC12_agendamento\UC12_agendamento.csproj", "{C937BBA1-595C-4120-BFDF-5BE1879E323E}"
EndProject
Global
	GlobalSection(SolutionConfigurationPlatforms) = preSolution
		Debug|Any CPU = Debug|Any CPU
		Release|Any CPU = Release|Any CPU
	EndGlobalSection
	GlobalSection(ProjectConfigurationPlatforms) = postSolution
		{C937BBA1-595C-4120-BFDF-5BE1879E323E}.Debug|Any CPU.ActiveCfg = Debug|Any CPU
		{C937BBA1-595C-4120-BFDF-5BE1879E323E}.Debug|Any CPU.Build.0 = Debug|Any CPU
		{C937BBA1-595C-4120-BFDF-5BE1879E323E}.Release|Any CPU.ActiveCfg = Release|Any CPU
		{C937BBA1-595C-4120-BFDF-5BE1879E323E}.Release|Any CPU.Build.0 = Release|Any CPU
	EndGlobalSection
	GlobalSection(SolutionProperties) = preSolution
		HideSolutionNode = FALSE
	EndGlobalSection
	GlobalSection(ExtensibilityGlobals) = postSolution
		SolutionGuid = {2D429439-C2E7-4A42-9BEE-51A122D946CB}
	EndGlobalSection
EndGlobal
